
Microsoft Visual Studio Solution File, Format Version 12.00
# Visual Studio Version 17
VisualStudioVersion = 17.3.32825.248
MinimumVisualStudioVersion = 10.0.40219.1
Project("{FAE04EC0-301F-11D3-BF4B-00C04F79EFBC}") = "ПР_9_2ИСП2_Сейдалиев_Семиволос", "ПР_9_2ИСП2_Сейдалиев_Семиволос\ПР_9_2ИСП2_Сейдалиев_Семиволос.csproj", "{29FBF46A-9804-453D-BEA8-11F9D5298FBC}"
EndProject
Global
	GlobalSection(SolutionConfigurationPlatforms) = preSolution
		Debug|Any CPU = Debug|Any CPU
		Release|Any CPU = Release|Any CPU
	EndGlobalSection
	GlobalSection(ProjectConfigurationPlatforms) = postSolution
		{29FBF46A-9804-453D-BEA8-11F9D5298FBC}.Debug|Any CPU.ActiveCfg = Debug|Any CPU
		{29FBF46A-9804-453D-BEA8-11F9D5298FBC}.Debug|Any CPU.Build.0 = Debug|Any CPU
		{29FBF46A-9804-453D-BEA8-11F9D5298FBC}.Release|Any CPU.ActiveCfg = Release|Any CPU
		{29FBF46A-9804-453D-BEA8-11F9D5298FBC}.Release|Any CPU.Build.0 = Release|Any CPU
	EndGlobalSection
	GlobalSection(SolutionProperties) = preSolution
		HideSolutionNode = FALSE
	EndGlobalSection
	GlobalSection(ExtensibilityGlobals) = postSolution
		SolutionGuid = {5EE40371-23FF-491A-B669-8682AA48FF0F}
	EndGlobalSection
EndGlobal
